{
    "_meta": {
        "hash": {
            "sha256": "4f5d9b8933ffa348139dbc2962041af4de896de3f173700e6aa1e7a56a5c8011"
        },
        "pipfile-spec": 6,
        "requires": {
            "python_version": "3.11"
        },
        "sources": [
            {
                "name": "pypi",
                "url": "https://pypi.org/simple",
                "verify_ssl": true
            }
        ]
    },
    "default": {
        "asgiref": {
            "hashes": [
                "sha256:89b2ef2247e3b562a16eef663bc0e2e703ec6468e2fa8a5cd61cd449786d4f6e",
                "sha256:9e0ce3aa93a819ba5b45120216b23878cf6e8525eb3848653452b4192b92afed"
            ],
            "markers": "python_version >= '3.7'",
            "version": "==3.7.2"
        },
        "django": {
            "hashes": [
                "sha256:2a6b6fbff5b59dd07bef10bcb019bee2ea97a30b2a656d51346596724324badf",
                "sha256:672b3fa81e1f853bb58be1b51754108ab4ffa12a77c06db86aa8df9ed0c46fe5"
            ],
            "index": "pypi",
            "version": "==4.2.2"
        },
        "django-phone-field": {
            "hashes": [
                "sha256:407e74b65e8f7dd14d0a0aa89e277516d57ad6a09ce992cdd94e15b1624b9961",
                "sha256:db63af60fc3a3c66b9faa7e72bb7972cd1518299f2e93d68dd95d8df6214f7ed"
            ],
            "index": "pypi",
            "version": "==1.8.1"
        },
        "django-phonenumber-field": {
            "hashes": [
                "sha256:4eaab35fe9a163046dc3a47188771385c56a788e0e11b7bbcc662e1e6b7b9104",
                "sha256:63721dbdc7424cd594a08d80f550e790cf6e7c903cbc0fb4dd9d86baac8b8c51"
            ],
            "index": "pypi",
            "version": "==7.1.0"
        },
        "django-phonenumbers": {
            "hashes": [
                "sha256:cd617e4ee924f6492e0106d738fea619c95f3659e41dbeb97df83c1f3b51f453"
            ],
            "index": "pypi",
            "version": "==1.0.1"
        },
        "phonenumbers": {
            "hashes": [
                "sha256:4bdf8c989aff0cdb105aef170ad2c21f14b4537bcb32cf349f1f710df992a40a",
                "sha256:55657adb607484aba6d56270b8a1f9b302f35496076e6c02051d06ed366374d9"
            ],
            "index": "pypi",
            "version": "==8.13.13"
        },
        "sqlparse": {
            "hashes": [
                "sha256:5430a4fe2ac7d0f93e66f1efc6e1338a41884b7ddf2a350cedd20ccc4d9d28f3",
                "sha256:d446183e84b8349fa3061f0fe7f06ca94ba65b426946ffebe6e3e8295332420c"
            ],
            "markers": "python_version >= '3.5'",
            "version": "==0.4.4"
        },
        "tzdata": {
            "hashes": [
                "sha256:11ef1e08e54acb0d4f95bdb1be05da659673de4acbd21bf9c69e94cc5e907a3a",
                "sha256:7e65763eef3120314099b6939b5546db7adce1e7d6f2e179e3df563c70511eda"
            ],
            "markers": "sys_platform == 'win32'",
            "version": "==2023.3"
        }
    },
    "develop": {}
}
